
Microsoft Visual Studio Solution File, Format Version 12.00
# Visual Studio 2012
Project("{FAE04EC0-301F-11D3-BF4B-00C04F79EFBC}") = "Superhui.Api", "Superhui.Api\Superhui.Api.csproj", "{128F1DFD-8CD7-427C-8AED-D6E78A2E960B}"
EndProject
Global
	GlobalSection(SolutionConfigurationPlatforms) = preSolution
		Debug|Any CPU = Debug|Any CPU
		Release|Any CPU = Release|Any CPU
	EndGlobalSection
	GlobalSection(ProjectConfigurationPlatforms) = postSolution
		{128F1DFD-8CD7-427C-8AED-D6E78A2E960B}.Debug|Any CPU.ActiveCfg = Debug|Any CPU
		{128F1DFD-8CD7-427C-8AED-D6E78A2E960B}.Debug|Any CPU.Build.0 = Debug|Any CPU
		{128F1DFD-8CD7-427C-8AED-D6E78A2E960B}.Release|Any CPU.ActiveCfg = Release|Any CPU
		{128F1DFD-8CD7-427C-8AED-D6E78A2E960B}.Release|Any CPU.Build.0 = Release|Any CPU
	EndGlobalSection
EndGlobal
